
Microsoft Visual Studio Solution File, Format Version 12.00
# Visual Studio Version 16
VisualStudioVersion = 16.0.28705.295
MinimumVisualStudioVersion = 10.0.40219.1
Project("{FAE04EC0-301F-11D3-BF4B-00C04F79EFBC}") = "UI(Console)", "KnowledgeAccountingSystem\UI(Console).csproj", "{D5F5E072-B3BF-47DC-B62B-43C0687D2B26}"
EndProject
Project("{FAE04EC0-301F-11D3-BF4B-00C04F79EFBC}") = "BLL", "BLL\BLL.csproj", "{DDF4D337-A00A-4D80-95B6-3F07420007DE}"
EndProject
Project("{FAE04EC0-301F-11D3-BF4B-00C04F79EFBC}") = "DAL", "DAL\DAL.csproj", "{142EAE81-A8BE-4C11-A8D2-5BA078F0A53C}"
EndProject
Project("{FAE04EC0-301F-11D3-BF4B-00C04F79EFBC}") = "Util", "Util\Util.csproj", "{37E6AFC5-C436-4322-BE66-4E6AD7394FED}"
EndProject
Project("{FAE04EC0-301F-11D3-BF4B-00C04F79EFBC}") = "UI(WebApi)", "UI(WebApi)\UI(WebApi).csproj", "{90AFBA64-2BEE-4244-9D45-864D119298B9}"
EndProject
Global
	GlobalSection(SolutionConfigurationPlatforms) = preSolution
		Debug|Any CPU = Debug|Any CPU
		Release|Any CPU = Release|Any CPU
	EndGlobalSection
	GlobalSection(ProjectConfigurationPlatforms) = postSolution
		{D5F5E072-B3BF-47DC-B62B-43C0687D2B26}.Debug|Any CPU.ActiveCfg = Debug|Any CPU
		{D5F5E072-B3BF-47DC-B62B-43C0687D2B26}.Debug|Any CPU.Build.0 = Debug|Any CPU
		{D5F5E072-B3BF-47DC-B62B-43C0687D2B26}.Release|Any CPU.ActiveCfg = Release|Any CPU
		{D5F5E072-B3BF-47DC-B62B-43C0687D2B26}.Release|Any CPU.Build.0 = Release|Any CPU
		{DDF4D337-A00A-4D80-95B6-3F07420007DE}.Debug|Any CPU.ActiveCfg = Debug|Any CPU
		{DDF4D337-A00A-4D80-95B6-3F07420007DE}.Debug|Any CPU.Build.0 = Debug|Any CPU
		{DDF4D337-A00A-4D80-95B6-3F07420007DE}.Release|Any CPU.ActiveCfg = Release|Any CPU
		{DDF4D337-A00A-4D80-95B6-3F07420007DE}.Release|Any CPU.Build.0 = Release|Any CPU
		{142EAE81-A8BE-4C11-A8D2-5BA078F0A53C}.Debug|Any CPU.ActiveCfg = Debug|Any CPU
		{142EAE81-A8BE-4C11-A8D2-5BA078F0A53C}.Debug|Any CPU.Build.0 = Debug|Any CPU
		{142EAE81-A8BE-4C11-A8D2-5BA078F0A53C}.Release|Any CPU.ActiveCfg = Release|Any CPU
		{142EAE81-A8BE-4C11-A8D2-5BA078F0A53C}.Release|Any CPU.Build.0 = Release|Any CPU
		{37E6AFC5-C436-4322-BE66-4E6AD7394FED}.Debug|Any CPU.ActiveCfg = Debug|Any CPU
		{37E6AFC5-C436-4322-BE66-4E6AD7394FED}.Debug|Any CPU.Build.0 = Debug|Any CPU
		{37E6AFC5-C436-4322-BE66-4E6AD7394FED}.Release|Any CPU.ActiveCfg = Release|Any CPU
		{37E6AFC5-C436-4322-BE66-4E6AD7394FED}.Release|Any CPU.Build.0 = Release|Any CPU
		{90AFBA64-2BEE-4244-9D45-864D119298B9}.Debug|Any CPU.ActiveCfg = Debug|Any CPU
		{90AFBA64-2BEE-4244-9D45-864D119298B9}.Debug|Any CPU.Build.0 = Debug|Any CPU
		{90AFBA64-2BEE-4244-9D45-864D119298B9}.Release|Any CPU.ActiveCfg = Release|Any CPU
		{90AFBA64-2BEE-4244-9D45-864D119298B9}.Release|Any CPU.Build.0 = Release|Any CPU
	EndGlobalSection
	GlobalSection(SolutionProperties) = preSolution
		HideSolutionNode = FALSE
	EndGlobalSection
	GlobalSection(ExtensibilityGlobals) = postSolution
		SolutionGuid = {4CA68383-A592-40DF-9A6F-1D432ED72073}
	EndGlobalSection
EndGlobal
